
Microsoft Visual Studio Solution File, Format Version 12.00
# Visual Studio Version 17
VisualStudioVersion = 17.11.35222.181
MinimumVisualStudioVersion = 10.0.40219.1
Project("{FAE04EC0-301F-11D3-BF4B-00C04F79EFBC}") = "Energisa_WiniumWebDriver_Net", "Energisa_WiniumWebDriver_Net\Energisa_WiniumWebDriver_Net.csproj", "{137858D8-71A9-4829-9DF4-881AB3327D40}"
EndProject
Global
	GlobalSection(SolutionConfigurationPlatforms) = preSolution
		Debug|Any CPU = Debug|Any CPU
		Release|Any CPU = Release|Any CPU
	EndGlobalSection
	GlobalSection(ProjectConfigurationPlatforms) = postSolution
		{137858D8-71A9-4829-9DF4-881AB3327D40}.Debug|Any CPU.ActiveCfg = Debug|Any CPU
		{137858D8-71A9-4829-9DF4-881AB3327D40}.Debug|Any CPU.Build.0 = Debug|Any CPU
		{137858D8-71A9-4829-9DF4-881AB3327D40}.Release|Any CPU.ActiveCfg = Release|Any CPU
		{137858D8-71A9-4829-9DF4-881AB3327D40}.Release|Any CPU.Build.0 = Release|Any CPU
	EndGlobalSection
	GlobalSection(SolutionProperties) = preSolution
		HideSolutionNode = FALSE
	EndGlobalSection
	GlobalSection(ExtensibilityGlobals) = postSolution
		SolutionGuid = {A53616D3-57DF-407A-A523-7EFEA9E66A96}
	EndGlobalSection
EndGlobal
